
Microsoft Visual Studio Solution File, Format Version 12.00
# Visual Studio Version 17
VisualStudioVersion = 17.0.31919.166
MinimumVisualStudioVersion = 10.0.40219.1
Project("{FAE04EC0-301F-11D3-BF4B-00C04F79EFBC}") = "Transportation Management System", "Transportation Management System\Transportation Management System.csproj", "{1D34DDE1-0DAD-4D92-B9A9-37A26EFBC8DA}"
EndProject
Project("{FAE04EC0-301F-11D3-BF4B-00C04F79EFBC}") = "UnitTesting", "UnitTestProject1\UnitTesting.csproj", "{0F71D69A-994B-4830-B192-DB05EE737592}"
EndProject
Project("{54435603-DBB4-11D2-8724-00A0C9A8B90C}") = "TMS_Setup", "TMS_Setup\TMS_Setup.vdproj", "{1345DED5-4363-4A94-83CA-0D77F96BD7CE}"
EndProject
Global
	GlobalSection(SolutionConfigurationPlatforms) = preSolution
		Debug|Any CPU = Debug|Any CPU
		Release|Any CPU = Release|Any CPU
	EndGlobalSection
	GlobalSection(ProjectConfigurationPlatforms) = postSolution
		{1D34DDE1-0DAD-4D92-B9A9-37A26EFBC8DA}.Debug|Any CPU.ActiveCfg = Debug|Any CPU
		{1D34DDE1-0DAD-4D92-B9A9-37A26EFBC8DA}.Debug|Any CPU.Build.0 = Debug|Any CPU
		{1D34DDE1-0DAD-4D92-B9A9-37A26EFBC8DA}.Release|Any CPU.ActiveCfg = Release|Any CPU
		{1D34DDE1-0DAD-4D92-B9A9-37A26EFBC8DA}.Release|Any CPU.Build.0 = Release|Any CPU
		{0F71D69A-994B-4830-B192-DB05EE737592}.Debug|Any CPU.ActiveCfg = Debug|Any CPU
		{0F71D69A-994B-4830-B192-DB05EE737592}.Debug|Any CPU.Build.0 = Debug|Any CPU
		{0F71D69A-994B-4830-B192-DB05EE737592}.Release|Any CPU.ActiveCfg = Release|Any CPU
		{0F71D69A-994B-4830-B192-DB05EE737592}.Release|Any CPU.Build.0 = Release|Any CPU
		{1345DED5-4363-4A94-83CA-0D77F96BD7CE}.Debug|Any CPU.ActiveCfg = Debug
		{1345DED5-4363-4A94-83CA-0D77F96BD7CE}.Release|Any CPU.ActiveCfg = Release
	EndGlobalSection
	GlobalSection(SolutionProperties) = preSolution
		HideSolutionNode = FALSE
	EndGlobalSection
	GlobalSection(ExtensibilityGlobals) = postSolution
		SolutionGuid = {12D88A23-BF96-4629-8E89-BB950ED82B9F}
	EndGlobalSection
EndGlobal
